{
  "name": "@bit/bit.envs.common.get-capsule-name",
  "version": "0.0.6",
  "lockfileVersion": 1,
  "requires": true,
  "dependencies": {
    "@types/mocha": {
      "version": "5.2.7",
      "resolved": "https://registry.npmjs.org/@types/mocha/-/mocha-5.2.7.tgz",
      "integrity": "sha512-NYrtPht0wGzhwe9+/idPaBB+TqkY9AhTvOLMkThm0IoEfLaiVQZwBwyJ5puCkO3AUCWrmcoePjp2mbFocKy4SQ==",
      "dev": true
    },
    "@types/node": {
      "version": "12.19.9",
      "resolved": "https://registry.npmjs.org/@types/node/-/node-12.19.9.tgz",
      "integrity": "sha512-yj0DOaQeUrk3nJ0bd3Y5PeDRJ6W0r+kilosLA+dzF3dola/o9hxhMSg2sFvVcA2UHS5JSOsZp4S0c1OEXc4m1Q==",
      "dev": true
    }
  }
}
